
Microsoft Visual Studio Solution File, Format Version 12.00
# Visual Studio 14
VisualStudioVersion = 14.0.25123.0
MinimumVisualStudioVersion = 10.0.40219.1
Project("{FAE04EC0-301F-11D3-BF4B-00C04F79EFBC}") = "Gazeta.pl", "Gazeta.pl\Gazeta.pl.csproj", "{3F9AE5C2-8A59-4124-A774-298CC4127C81}"
EndProject
Project("{FAE04EC0-301F-11D3-BF4B-00C04F79EFBC}") = "gazetaNews", "gazetaNews\gazetaNews.csproj", "{25012E05-21E8-483A-9F6C-AFAFC1D6F276}"
EndProject
Project("{FAE04EC0-301F-11D3-BF4B-00C04F79EFBC}") = "NetNewsWindowsPluginManager", "NetNewsWindowsPluginManager\NetNewsWindowsPluginManager.csproj", "{948366D2-2296-45D5-915E-AE83921D8091}"
EndProject
Project("{FAE04EC0-301F-11D3-BF4B-00C04F79EFBC}") = "NetNewsWindowsPluginManagerTest", "NetNewsWindowsPluginManagerTest\NetNewsWindowsPluginManagerTest.csproj", "{2073440B-75F0-435E-A938-7FC9E3037A31}"
EndProject
Project("{FAE04EC0-301F-11D3-BF4B-00C04F79EFBC}") = "NetNewsWindowsPluginDomain", "NetNewsWindowsPluginDomain\NetNewsWindowsPluginDomain.csproj", "{BB660EB2-6DFB-4E7B-81C5-4D2B4C288F3F}"
EndProject
Project("{FAE04EC0-301F-11D3-BF4B-00C04F79EFBC}") = "bbcNews", "bbcNews\bbcNews.csproj", "{6FCC5B73-270F-498B-A0EA-278F57FE6C3C}"
EndProject
Project("{2150E333-8FDC-42A3-9474-1A3956D46DE8}") = "Plugins", "Plugins", "{5580D5AE-5519-4E2F-B21D-448BAD63B4C0}"
EndProject
Project("{2150E333-8FDC-42A3-9474-1A3956D46DE8}") = "Uniwersal Windows App", "Uniwersal Windows App", "{861CEA77-9228-4106-8BD7-9FA9C39592F4}"
EndProject
Project("{2150E333-8FDC-42A3-9474-1A3956D46DE8}") = "Win32 WFP App", "Win32 WFP App", "{5FACC0A9-9343-4B19-A298-E7955EC60AE4}"
EndProject
Project("{FAE04EC0-301F-11D3-BF4B-00C04F79EFBC}") = "NetNewsWindowUWA", "NetNewsWindowUWA\NetNewsWindowUWA.csproj", "{9ED25123-9BA2-4B37-971E-80410497C587}"
EndProject
Global
	GlobalSection(SolutionConfigurationPlatforms) = preSolution
		Debug|Any CPU = Debug|Any CPU
		Debug|ARM = Debug|ARM
		Debug|x64 = Debug|x64
		Debug|x86 = Debug|x86
		Release|Any CPU = Release|Any CPU
		Release|ARM = Release|ARM
		Release|x64 = Release|x64
		Release|x86 = Release|x86
	EndGlobalSection
	GlobalSection(ProjectConfigurationPlatforms) = postSolution
		{3F9AE5C2-8A59-4124-A774-298CC4127C81}.Debug|Any CPU.ActiveCfg = Debug|Any CPU
		{3F9AE5C2-8A59-4124-A774-298CC4127C81}.Debug|Any CPU.Build.0 = Debug|Any CPU
		{3F9AE5C2-8A59-4124-A774-298CC4127C81}.Debug|ARM.ActiveCfg = Debug|Any CPU
		{3F9AE5C2-8A59-4124-A774-298CC4127C81}.Debug|x64.ActiveCfg = Debug|Any CPU
		{3F9AE5C2-8A59-4124-A774-298CC4127C81}.Debug|x86.ActiveCfg = Debug|Any CPU
		{3F9AE5C2-8A59-4124-A774-298CC4127C81}.Release|Any CPU.ActiveCfg = Release|Any CPU
		{3F9AE5C2-8A59-4124-A774-298CC4127C81}.Release|Any CPU.Build.0 = Release|Any CPU
		{3F9AE5C2-8A59-4124-A774-298CC4127C81}.Release|ARM.ActiveCfg = Release|Any CPU
		{3F9AE5C2-8A59-4124-A774-298CC4127C81}.Release|x64.ActiveCfg = Release|Any CPU
		{3F9AE5C2-8A59-4124-A774-298CC4127C81}.Release|x86.ActiveCfg = Release|Any CPU
		{25012E05-21E8-483A-9F6C-AFAFC1D6F276}.Debug|Any CPU.ActiveCfg = Debug|Any CPU
		{25012E05-21E8-483A-9F6C-AFAFC1D6F276}.Debug|Any CPU.Build.0 = Debug|Any CPU
		{25012E05-21E8-483A-9F6C-AFAFC1D6F276}.Debug|ARM.ActiveCfg = Debug|Any CPU
		{25012E05-21E8-483A-9F6C-AFAFC1D6F276}.Debug|x64.ActiveCfg = Debug|Any CPU
		{25012E05-21E8-483A-9F6C-AFAFC1D6F276}.Debug|x86.ActiveCfg = Debug|Any CPU
		{25012E05-21E8-483A-9F6C-AFAFC1D6F276}.Release|Any CPU.ActiveCfg = Release|Any CPU
		{25012E05-21E8-483A-9F6C-AFAFC1D6F276}.Release|Any CPU.Build.0 = Release|Any CPU
		{25012E05-21E8-483A-9F6C-AFAFC1D6F276}.Release|ARM.ActiveCfg = Release|Any CPU
		{25012E05-21E8-483A-9F6C-AFAFC1D6F276}.Release|x64.ActiveCfg = Release|Any CPU
		{25012E05-21E8-483A-9F6C-AFAFC1D6F276}.Release|x86.ActiveCfg = Release|Any CPU
		{948366D2-2296-45D5-915E-AE83921D8091}.Debug|Any CPU.ActiveCfg = Debug|Any CPU
		{948366D2-2296-45D5-915E-AE83921D8091}.Debug|Any CPU.Build.0 = Debug|Any CPU
		{948366D2-2296-45D5-915E-AE83921D8091}.Debug|ARM.ActiveCfg = Debug|Any CPU
		{948366D2-2296-45D5-915E-AE83921D8091}.Debug|x64.ActiveCfg = Debug|Any CPU
		{948366D2-2296-45D5-915E-AE83921D8091}.Debug|x86.ActiveCfg = Debug|Any CPU
		{948366D2-2296-45D5-915E-AE83921D8091}.Release|Any CPU.ActiveCfg = Release|Any CPU
		{948366D2-2296-45D5-915E-AE83921D8091}.Release|Any CPU.Build.0 = Release|Any CPU
		{948366D2-2296-45D5-915E-AE83921D8091}.Release|ARM.ActiveCfg = Release|Any CPU
		{948366D2-2296-45D5-915E-AE83921D8091}.Release|x64.ActiveCfg = Release|Any CPU
		{948366D2-2296-45D5-915E-AE83921D8091}.Release|x86.ActiveCfg = Release|Any CPU
		{2073440B-75F0-435E-A938-7FC9E3037A31}.Debug|Any CPU.ActiveCfg = Debug|Any CPU
		{2073440B-75F0-435E-A938-7FC9E3037A31}.Debug|Any CPU.Build.0 = Debug|Any CPU
		{2073440B-75F0-435E-A938-7FC9E3037A31}.Debug|ARM.ActiveCfg = Debug|Any CPU
		{2073440B-75F0-435E-A938-7FC9E3037A31}.Debug|x64.ActiveCfg = Debug|Any CPU
		{2073440B-75F0-435E-A938-7FC9E3037A31}.Debug|x86.ActiveCfg = Debug|Any CPU
		{2073440B-75F0-435E-A938-7FC9E3037A31}.Release|Any CPU.ActiveCfg = Release|Any CPU
		{2073440B-75F0-435E-A938-7FC9E3037A31}.Release|Any CPU.Build.0 = Release|Any CPU
		{2073440B-75F0-435E-A938-7FC9E3037A31}.Release|ARM.ActiveCfg = Release|Any CPU
		{2073440B-75F0-435E-A938-7FC9E3037A31}.Release|x64.ActiveCfg = Release|Any CPU
		{2073440B-75F0-435E-A938-7FC9E3037A31}.Release|x86.ActiveCfg = Release|Any CPU
		{BB660EB2-6DFB-4E7B-81C5-4D2B4C288F3F}.Debug|Any CPU.ActiveCfg = Debug|Any CPU
		{BB660EB2-6DFB-4E7B-81C5-4D2B4C288F3F}.Debug|Any CPU.Build.0 = Debug|Any CPU
		{BB660EB2-6DFB-4E7B-81C5-4D2B4C288F3F}.Debug|ARM.ActiveCfg = Debug|Any CPU
		{BB660EB2-6DFB-4E7B-81C5-4D2B4C288F3F}.Debug|x64.ActiveCfg = Debug|Any CPU
		{BB660EB2-6DFB-4E7B-81C5-4D2B4C288F3F}.Debug|x86.ActiveCfg = Debug|Any CPU
		{BB660EB2-6DFB-4E7B-81C5-4D2B4C288F3F}.Release|Any CPU.ActiveCfg = Release|Any CPU
		{BB660EB2-6DFB-4E7B-81C5-4D2B4C288F3F}.Release|Any CPU.Build.0 = Release|Any CPU
		{BB660EB2-6DFB-4E7B-81C5-4D2B4C288F3F}.Release|ARM.ActiveCfg = Release|Any CPU
		{BB660EB2-6DFB-4E7B-81C5-4D2B4C288F3F}.Release|x64.ActiveCfg = Release|Any CPU
		{BB660EB2-6DFB-4E7B-81C5-4D2B4C288F3F}.Release|x86.ActiveCfg = Release|Any CPU
		{6FCC5B73-270F-498B-A0EA-278F57FE6C3C}.Debug|Any CPU.ActiveCfg = Debug|Any CPU
		{6FCC5B73-270F-498B-A0EA-278F57FE6C3C}.Debug|Any CPU.Build.0 = Debug|Any CPU
		{6FCC5B73-270F-498B-A0EA-278F57FE6C3C}.Debug|ARM.ActiveCfg = Debug|Any CPU
		{6FCC5B73-270F-498B-A0EA-278F57FE6C3C}.Debug|x64.ActiveCfg = Debug|Any CPU
		{6FCC5B73-270F-498B-A0EA-278F57FE6C3C}.Debug|x86.ActiveCfg = Debug|Any CPU
		{6FCC5B73-270F-498B-A0EA-278F57FE6C3C}.Release|Any CPU.ActiveCfg = Release|Any CPU
		{6FCC5B73-270F-498B-A0EA-278F57FE6C3C}.Release|Any CPU.Build.0 = Release|Any CPU
		{6FCC5B73-270F-498B-A0EA-278F57FE6C3C}.Release|ARM.ActiveCfg = Release|Any CPU
		{6FCC5B73-270F-498B-A0EA-278F57FE6C3C}.Release|x64.ActiveCfg = Release|Any CPU
		{6FCC5B73-270F-498B-A0EA-278F57FE6C3C}.Release|x86.ActiveCfg = Release|Any CPU
		{9ED25123-9BA2-4B37-971E-80410497C587}.Debug|Any CPU.ActiveCfg = Debug|x86
		{9ED25123-9BA2-4B37-971E-80410497C587}.Debug|Any CPU.Build.0 = Debug|x86
		{9ED25123-9BA2-4B37-971E-80410497C587}.Debug|Any CPU.Deploy.0 = Debug|x86
		{9ED25123-9BA2-4B37-971E-80410497C587}.Debug|ARM.ActiveCfg = Debug|ARM
		{9ED25123-9BA2-4B37-971E-80410497C587}.Debug|ARM.Build.0 = Debug|ARM
		{9ED25123-9BA2-4B37-971E-80410497C587}.Debug|ARM.Deploy.0 = Debug|ARM
		{9ED25123-9BA2-4B37-971E-80410497C587}.Debug|x64.ActiveCfg = Debug|x64
		{9ED25123-9BA2-4B37-971E-80410497C587}.Debug|x64.Build.0 = Debug|x64
		{9ED25123-9BA2-4B37-971E-80410497C587}.Debug|x64.Deploy.0 = Debug|x64
		{9ED25123-9BA2-4B37-971E-80410497C587}.Debug|x86.ActiveCfg = Debug|x86
		{9ED25123-9BA2-4B37-971E-80410497C587}.Debug|x86.Build.0 = Debug|x86
		{9ED25123-9BA2-4B37-971E-80410497C587}.Debug|x86.Deploy.0 = Debug|x86
		{9ED25123-9BA2-4B37-971E-80410497C587}.Release|Any CPU.ActiveCfg = Release|x86
		{9ED25123-9BA2-4B37-971E-80410497C587}.Release|ARM.ActiveCfg = Release|ARM
		{9ED25123-9BA2-4B37-971E-80410497C587}.Release|ARM.Build.0 = Release|ARM
		{9ED25123-9BA2-4B37-971E-80410497C587}.Release|ARM.Deploy.0 = Release|ARM
		{9ED25123-9BA2-4B37-971E-80410497C587}.Release|x64.ActiveCfg = Release|x64
		{9ED25123-9BA2-4B37-971E-80410497C587}.Release|x64.Build.0 = Release|x64
		{9ED25123-9BA2-4B37-971E-80410497C587}.Release|x64.Deploy.0 = Release|x64
		{9ED25123-9BA2-4B37-971E-80410497C587}.Release|x86.ActiveCfg = Release|x86
		{9ED25123-9BA2-4B37-971E-80410497C587}.Release|x86.Build.0 = Release|x86
		{9ED25123-9BA2-4B37-971E-80410497C587}.Release|x86.Deploy.0 = Release|x86
	EndGlobalSection
	GlobalSection(SolutionProperties) = preSolution
		HideSolutionNode = FALSE
	EndGlobalSection
	GlobalSection(NestedProjects) = preSolution
		{3F9AE5C2-8A59-4124-A774-298CC4127C81} = {5FACC0A9-9343-4B19-A298-E7955EC60AE4}
		{25012E05-21E8-483A-9F6C-AFAFC1D6F276} = {5580D5AE-5519-4E2F-B21D-448BAD63B4C0}
		{948366D2-2296-45D5-915E-AE83921D8091} = {5FACC0A9-9343-4B19-A298-E7955EC60AE4}
		{BB660EB2-6DFB-4E7B-81C5-4D2B4C288F3F} = {5FACC0A9-9343-4B19-A298-E7955EC60AE4}
		{6FCC5B73-270F-498B-A0EA-278F57FE6C3C} = {5580D5AE-5519-4E2F-B21D-448BAD63B4C0}
		{5580D5AE-5519-4E2F-B21D-448BAD63B4C0} = {5FACC0A9-9343-4B19-A298-E7955EC60AE4}
		{9ED25123-9BA2-4B37-971E-80410497C587} = {861CEA77-9228-4106-8BD7-9FA9C39592F4}
	EndGlobalSection
EndGlobal
